// !$*UTF8*$!
{
	archiveVersion = 1;
	classes = {
	};
	objectVersion = 46;
	objects = {

/* Begin PBXBuildFile section */
		612E8F2C1DD0C89200B09663 /* ZZGradientColoredView.m in Sources */ = {isa = PBXBuildFile; fileRef = 612E8F2B1DD0C89200B09663 /* ZZGradientColoredView.m */; };
		612FA56C1DC3452500648D17 /* main.m in Sources */ = {isa = PBXBuildFile; fileRef = 612FA56B1DC3452500648D17 /* main.m */; };
		612FA56F1DC3452500648D17 /* AppDelegate.m in Sources */ = {isa = PBXBuildFile; fileRef = 612FA56E1DC3452500648D17 /* AppDelegate.m */; };
		612FA5721DC3452500648D17 /* ViewController.m in Sources */ = {isa = PBXBuildFile; fileRef = 612FA5711DC3452500648D17 /* ViewController.m */; };
		612FA5771DC3452500648D17 /* Assets.xcassets in Resources */ = {isa = PBXBuildFile; fileRef = 612FA5761DC3452500648D17 /* Assets.xcassets */; };
		612FA57A1DC3452500648D17 /* LaunchScreen.storyboard in Resources */ = {isa = PBXBuildFile; fileRef = 612FA5781DC3452500648D17 /* LaunchScreen.storyboard */; };
		612FA5841DC346A500648D17 /* ZZWeatherDataProvider.m in Sources */ = {isa = PBXBuildFile; fileRef = 612FA5831DC346A500648D17 /* ZZWeatherDataProvider.m */; };
		612FA5871DC35DAB00648D17 /* ZZWeather.m in Sources */ = {isa = PBXBuildFile; fileRef = 612FA5861DC35DAB00648D17 /* ZZWeather.m */; };
		612FA58C1DC36A7100648D17 /* ZZWeatherNowView.m in Sources */ = {isa = PBXBuildFile; fileRef = 612FA58B1DC36A7100648D17 /* ZZWeatherNowView.m */; };
		612FA5C61DC5A6C100648D17 /* 100.png in Resources */ = {isa = PBXBuildFile; fileRef = 612FA5911DC5A6C100648D17 /* 100.png */; };
		612FA5C71DC5A6C100648D17 /* 101.png in Resources */ = {isa = PBXBuildFile; fileRef = 612FA5921DC5A6C100648D17 /* 101.png */; };
		612FA5C81DC5A6C100648D17 /* 102.png in Resources */ = {isa = PBXBuildFile; fileRef = 612FA5931DC5A6C100648D17 /* 102.png */; };
		612FA5C91DC5A6C100648D17 /* 103.png in Resources */ = {isa = PBXBuildFile; fileRef = 612FA5941DC5A6C100648D17 /* 103.png */; };
		612FA5CA1DC5A6C100648D17 /* 104.png in Resources */ = {isa = PBXBuildFile; fileRef = 612FA5951DC5A6C100648D17 /* 104.png */; };
		612FA5CB1DC5A6C100648D17 /* 200.png in Resources */ = {isa = PBXBuildFile; fileRef = 612FA5961DC5A6C100648D17 /* 200.png */; };
		612FA5CC1DC5A6C100648D17 /* 201.png in Resources */ = {isa = PBXBuildFile; fileRef = 612FA5971DC5A6C100648D17 /* 201.png */; };
		612FA5CD1DC5A6C100648D17 /* 202.png in Resources */ = {isa = PBXBuildFile; fileRef = 612FA5981DC5A6C100648D17 /* 202.png */; };
		612FA5CE1DC5A6C100648D17 /* 203.png in Resources */ = {isa = PBXBuildFile; fileRef = 612FA5991DC5A6C100648D17 /* 203.png */; };
		612FA5CF1DC5A6C100648D17 /* 204.png in Resources */ = {isa = PBXBuildFile; fileRef = 612FA59A1DC5A6C100648D17 /* 204.png */; };
		612FA5D01DC5A6C100648D17 /* 205.png in Resources */ = {isa = PBXBuildFile; fileRef = 612FA59B1DC5A6C100648D17 /* 205.png */; };
		612FA5D11DC5A6C100648D17 /* 206.png in Resources */ = {isa = PBXBuildFile; fileRef = 612FA59C1DC5A6C100648D17 /* 206.png */; };
		612FA5D21DC5A6C100648D17 /* 207.png in Resources */ = {isa = PBXBuildFile; fileRef = 612FA59D1DC5A6C100648D17 /* 207.png */; };
		612FA5D31DC5A6C100648D17 /* 208.png in Resources */ = {isa = PBXBuildFile; fileRef = 612FA59E1DC5A6C100648D17 /* 208.png */; };
		612FA5D41DC5A6C100648D17 /* 209.png in Resources */ = {isa = PBXBuildFile; fileRef = 612FA59F1DC5A6C100648D17 /* 209.png */; };
		612FA5D51DC5A6C100648D17 /* 210.png in Resources */ = {isa = PBXBuildFile; fileRef = 612FA5A01DC5A6C100648D17 /* 210.png */; };
		612FA5D61DC5A6C100648D17 /* 211.png in Resources */ = {isa = PBXBuildFile; fileRef = 612FA5A11DC5A6C100648D17 /* 211.png */; };
		612FA5D71DC5A6C100648D17 /* 212.png in Resources */ = {isa = PBXBuildFile; fileRef = 612FA5A21DC5A6C100648D17 /* 212.png */; };
		612FA5D81DC5A6C100648D17 /* 213.png in Resources */ = {isa = PBXBuildFile; fileRef = 612FA5A31DC5A6C100648D17 /* 213.png */; };
		612FA5D91DC5A6C100648D17 /* 300.png in Resources */ = {isa = PBXBuildFile; fileRef = 612FA5A41DC5A6C100648D17 /* 300.png */; };
		612FA5DA1DC5A6C100648D17 /* 301.png in Resources */ = {isa = PBXBuildFile; fileRef = 612FA5A51DC5A6C100648D17 /* 301.png */; };
		612FA5DB1DC5A6C100648D17 /* 302.png in Resources */ = {isa = PBXBuildFile; fileRef = 612FA5A61DC5A6C100648D17 /* 302.png */; };
		612FA5DC1DC5A6C100648D17 /* 303.png in Resources */ = {isa = PBXBuildFile; fileRef = 612FA5A71DC5A6C100648D17 /* 303.png */; };
		612FA5DD1DC5A6C100648D17 /* 304.png in Resources */ = {isa = PBXBuildFile; fileRef = 612FA5A81DC5A6C100648D17 /* 304.png */; };
		612FA5DE1DC5A6C100648D17 /* 305.png in Resources */ = {isa = PBXBuildFile; fileRef = 612FA5A91DC5A6C100648D17 /* 305.png */; };
		612FA5DF1DC5A6C100648D17 /* 306.png in Resources */ = {isa = PBXBuildFile; fileRef = 612FA5AA1DC5A6C100648D17 /* 306.png */; };
		612FA5E01DC5A6C100648D17 /* 307.png in Resources */ = {isa = PBXBuildFile; fileRef = 612FA5AB1DC5A6C100648D17 /* 307.png */; };
		612FA5E11DC5A6C100648D17 /* 308.png in Resources */ = {isa = PBXBuildFile; fileRef = 612FA5AC1DC5A6C100648D17 /* 308.png */; };
		612FA5E21DC5A6C100648D17 /* 309.png in Resources */ = {isa = PBXBuildFile; fileRef = 612FA5AD1DC5A6C100648D17 /* 309.png */; };
		612FA5E31DC5A6C100648D17 /* 310.png in Resources */ = {isa = PBXBuildFile; fileRef = 612FA5AE1DC5A6C100648D17 /* 310.png */; };
		612FA5E41DC5A6C100648D17 /* 311.png in Resources */ = {isa = PBXBuildFile; fileRef = 612FA5AF1DC5A6C100648D17 /* 311.png */; };
		612FA5E51DC5A6C100648D17 /* 312.png in Resources */ = {isa = PBXBuildFile; fileRef = 612FA5B01DC5A6C100648D17 /* 312.png */; };
		612FA5E61DC5A6C100648D17 /* 313.png in Resources */ = {isa = PBXBuildFile; fileRef = 612FA5B11DC5A6C100648D17 /* 313.png */; };
		612FA5E71DC5A6C100648D17 /* 400.png in Resources */ = {isa = PBXBuildFile; fileRef = 612FA5B21DC5A6C100648D17 /* 400.png */; };
		612FA5E81DC5A6C100648D17 /* 401.png in Resources */ = {isa = PBXBuildFile; fileRef = 612FA5B31DC5A6C100648D17 /* 401.png */; };
		612FA5E91DC5A6C100648D17 /* 402.png in Resources */ = {isa = PBXBuildFile; fileRef = 612FA5B41DC5A6C100648D17 /* 402.png */; };
		612FA5EA1DC5A6C100648D17 /* 403.png in Resources */ = {isa = PBXBuildFile; fileRef = 612FA5B51DC5A6C100648D17 /* 403.png */; };
		612FA5EB1DC5A6C100648D17 /* 404.png in Resources */ = {isa = PBXBuildFile; fileRef = 612FA5B61DC5A6C100648D17 /* 404.png */; };
		612FA5EC1DC5A6C100648D17 /* 405.png in Resources */ = {isa = PBXBuildFile; fileRef = 612FA5B71DC5A6C100648D17 /* 405.png */; };
		612FA5ED1DC5A6C100648D17 /* 406.png in Resources */ = {isa = PBXBuildFile; fileRef = 612FA5B81DC5A6C100648D17 /* 406.png */; };
		612FA5EE1DC5A6C100648D17 /* 407.png in Resources */ = {isa = PBXBuildFile; fileRef = 612FA5B91DC5A6C100648D17 /* 407.png */; };
		612FA5EF1DC5A6C100648D17 /* 500.png in Resources */ = {isa = PBXBuildFile; fileRef = 612FA5BA1DC5A6C100648D17 /* 500.png */; };
		612FA5F01DC5A6C100648D17 /* 501.png in Resources */ = {isa = PBXBuildFile; fileRef = 612FA5BB1DC5A6C100648D17 /* 501.png */; };
		612FA5F11DC5A6C100648D17 /* 502.png in Resources */ = {isa = PBXBuildFile; fileRef = 612FA5BC1DC5A6C100648D17 /* 502.png */; };
		612FA5F21DC5A6C100648D17 /* 503.png in Resources */ = {isa = PBXBuildFile; fileRef = 612FA5BD1DC5A6C100648D17 /* 503.png */; };
		612FA5F31DC5A6C100648D17 /* 504.png in Resources */ = {isa = PBXBuildFile; fileRef = 612FA5BE1DC5A6C100648D17 /* 504.png */; };
		612FA5F41DC5A6C100648D17 /* 506.png in Resources */ = {isa = PBXBuildFile; fileRef = 612FA5BF1DC5A6C100648D17 /* 506.png */; };
		612FA5F51DC5A6C100648D17 /* 507.png in Resources */ = {isa = PBXBuildFile; fileRef = 612FA5C01DC5A6C100648D17 /* 507.png */; };
		612FA5F61DC5A6C100648D17 /* 508.png in Resources */ = {isa = PBXBuildFile; fileRef = 612FA5C11DC5A6C100648D17 /* 508.png */; };
		612FA5F71DC5A6C100648D17 /* 900.png in Resources */ = {isa = PBXBuildFile; fileRef = 612FA5C21DC5A6C100648D17 /* 900.png */; };
		612FA5F81DC5A6C100648D17 /* 901.png in Resources */ = {isa = PBXBuildFile; fileRef = 612FA5C31DC5A6C100648D17 /* 901.png */; };
		612FA5F91DC5A6C100648D17 /* 999.png in Resources */ = {isa = PBXBuildFile; fileRef = 612FA5C41DC5A6C100648D17 /* 999.png */; };
		612FA5FA1DC5A6C100648D17 /* __weather_icons.json in Resources */ = {isa = PBXBuildFile; fileRef = 612FA5C51DC5A6C100648D17 /* __weather_icons.json */; };
		612FA6041DCB187700648D17 /* ZZCityListViewController.m in Sources */ = {isa = PBXBuildFile; fileRef = 612FA6031DCB187700648D17 /* ZZCityListViewController.m */; };
		612FA60C1DCB8A3B00648D17 /* icon_wind.png in Resources */ = {isa = PBXBuildFile; fileRef = 612FA60A1DCB8A3B00648D17 /* icon_wind.png */; };
		612FA60F1DCB8DB000648D17 /* icon_pop.png in Resources */ = {isa = PBXBuildFile; fileRef = 612FA60E1DCB8DB000648D17 /* icon_pop.png */; };
		612FA6111DCB903D00648D17 /* icon_humidity.png in Resources */ = {isa = PBXBuildFile; fileRef = 612FA6101DCB903D00648D17 /* icon_humidity.png */; };
		612FA6131DCBA77D00648D17 /* citylist_allchina.json in Resources */ = {isa = PBXBuildFile; fileRef = 612FA6121DCBA77D00648D17 /* citylist_allchina.json */; };
		612FA6151DCC76BE00648D17 /* ZZForecastView.xib in Resources */ = {isa = PBXBuildFile; fileRef = 612FA6141DCC76BE00648D17 /* ZZForecastView.xib */; };
		612FA6181DCC76EC00648D17 /* ZZForecastView.m in Sources */ = {isa = PBXBuildFile; fileRef = 612FA6171DCC76EC00648D17 /* ZZForecastView.m */; };
		612FA61D1DCC78AA00648D17 /* ZZCircleView.m in Sources */ = {isa = PBXBuildFile; fileRef = 612FA61C1DCC78AA00648D17 /* ZZCircleView.m */; };
		612FA6211DCDE0D600648D17 /* icon_humidity_1.png in Resources */ = {isa = PBXBuildFile; fileRef = 612FA6201DCDE0D600648D17 /* icon_humidity_1.png */; };
/* End PBXBuildFile section */

/* Begin PBXFileReference section */
		612E8F2A1DD0C89200B09663 /* ZZGradientColoredView.h */ = {isa = PBXFileReference; fileEncoding = 4; lastKnownFileType = sourcecode.c.h; path = ZZGradientColoredView.h; sourceTree = "<group>"; };
		612E8F2B1DD0C89200B09663 /* ZZGradientColoredView.m */ = {isa = PBXFileReference; fileEncoding = 4; lastKnownFileType = sourcecode.c.objc; path = ZZGradientColoredView.m; sourceTree = "<group>"; };
		612FA5671DC3452500648D17 /* weather_forecast.app */ = {isa = PBXFileReference; explicitFileType = wrapper.application; includeInIndex = 0; path = weather_forecast.app; sourceTree = BUILT_PRODUCTS_DIR; };
		612FA56B1DC3452500648D17 /* main.m */ = {isa = PBXFileReference; lastKnownFileType = sourcecode.c.objc; path = main.m; sourceTree = "<group>"; };
		612FA56D1DC3452500648D17 /* AppDelegate.h */ = {isa = PBXFileReference; lastKnownFileType = sourcecode.c.h; path = AppDelegate.h; sourceTree = "<group>"; };
		612FA56E1DC3452500648D17 /* AppDelegate.m */ = {isa = PBXFileReference; lastKnownFileType = sourcecode.c.objc; path = AppDelegate.m; sourceTree = "<group>"; };
		612FA5701DC3452500648D17 /* ViewController.h */ = {isa = PBXFileReference; lastKnownFileType = sourcecode.c.h; path = ViewController.h; sourceTree = "<group>"; };
		612FA5711DC3452500648D17 /* ViewController.m */ = {isa = PBXFileReference; lastKnownFileType = sourcecode.c.objc; path = ViewController.m; sourceTree = "<group>"; };
		612FA5761DC3452500648D17 /* Assets.xcassets */ = {isa = PBXFileReference; lastKnownFileType = folder.assetcatalog; path = Assets.xcassets; sourceTree = "<group>"; };
		612FA5791DC3452500648D17 /* Base */ = {isa = PBXFileReference; lastKnownFileType = file.storyboard; name = Base; path = Base.lproj/LaunchScreen.storyboard; sourceTree = "<group>"; };
		612FA57B1DC3452500648D17 /* Info.plist */ = {isa = PBXFileReference; lastKnownFileType = text.plist.xml; path = Info.plist; sourceTree = "<group>"; };
		612FA5821DC346A500648D17 /* ZZWeatherDataProvider.h */ = {isa = PBXFileReference; fileEncoding = 4; lastKnownFileType = sourcecode.c.h; path = ZZWeatherDataProvider.h; sourceTree = "<group>"; };
		612FA5831DC346A500648D17 /* ZZWeatherDataProvider.m */ = {isa = PBXFileReference; fileEncoding = 4; lastKnownFileType = sourcecode.c.objc; path = ZZWeatherDataProvider.m; sourceTree = "<group>"; };
		612FA5851DC35DAB00648D17 /* ZZWeather.h */ = {isa = PBXFileReference; fileEncoding = 4; lastKnownFileType = sourcecode.c.h; path = ZZWeather.h; sourceTree = "<group>"; };
		612FA5861DC35DAB00648D17 /* ZZWeather.m */ = {isa = PBXFileReference; fileEncoding = 4; lastKnownFileType = sourcecode.c.objc; path = ZZWeather.m; sourceTree = "<group>"; };
		612FA58A1DC36A7100648D17 /* ZZWeatherNowView.h */ = {isa = PBXFileReference; fileEncoding = 4; lastKnownFileType = sourcecode.c.h; path = ZZWeatherNowView.h; sourceTree = "<group>"; };
		612FA58B1DC36A7100648D17 /* ZZWeatherNowView.m */ = {isa = PBXFileReference; fileEncoding = 4; lastKnownFileType = sourcecode.c.objc; path = ZZWeatherNowView.m; sourceTree = "<group>"; };
		612FA5911DC5A6C100648D17 /* 100.png */ = {isa = PBXFileReference; lastKnownFileType = image.png; path = 100.png; sourceTree = "<group>"; };
		612FA5921DC5A6C100648D17 /* 101.png */ = {isa = PBXFileReference; lastKnownFileType = image.png; path = 101.png; sourceTree = "<group>"; };
		612FA5931DC5A6C100648D17 /* 102.png */ = {isa = PBXFileReference; lastKnownFileType = image.png; path = 102.png; sourceTree = "<group>"; };
		612FA5941DC5A6C100648D17 /* 103.png */ = {isa = PBXFileReference; lastKnownFileType = image.png; path = 103.png; sourceTree = "<group>"; };
		612FA5951DC5A6C100648D17 /* 104.png */ = {isa = PBXFileReference; lastKnownFileType = image.png; path = 104.png; sourceTree = "<group>"; };
		612FA5961DC5A6C100648D17 /* 200.png */ = {isa = PBXFileReference; lastKnownFileType = image.png; path = 200.png; sourceTree = "<group>"; };
		612FA5971DC5A6C100648D17 /* 201.png */ = {isa = PBXFileReference; lastKnownFileType = image.png; path = 201.png; sourceTree = "<group>"; };
		612FA5981DC5A6C100648D17 /* 202.png */ = {isa = PBXFileReference; lastKnownFileType = image.png; path = 202.png; sourceTree = "<group>"; };
		612FA5991DC5A6C100648D17 /* 203.png */ = {isa = PBXFileReference; lastKnownFileType = image.png; path = 203.png; sourceTree = "<group>"; };
		612FA59A1DC5A6C100648D17 /* 204.png */ = {isa = PBXFileReference; lastKnownFileType = image.png; path = 204.png; sourceTree = "<group>"; };
		612FA59B1DC5A6C100648D17 /* 205.png */ = {isa = PBXFileReference; lastKnownFileType = image.png; path = 205.png; sourceTree = "<group>"; };
		612FA59C1DC5A6C100648D17 /* 206.png */ = {isa = PBXFileReference; lastKnownFileType = image.png; path = 206.png; sourceTree = "<group>"; };
		612FA59D1DC5A6C100648D17 /* 207.png */ = {isa = PBXFileReference; lastKnownFileType = image.png; path = 207.png; sourceTree = "<group>"; };
		612FA59E1DC5A6C100648D17 /* 208.png */ = {isa = PBXFileReference; lastKnownFileType = image.png; path = 208.png; sourceTree = "<group>"; };
		612FA59F1DC5A6C100648D17 /* 209.png */ = {isa = PBXFileReference; lastKnownFileType = image.png; path = 209.png; sourceTree = "<group>"; };
		612FA5A01DC5A6C100648D17 /* 210.png */ = {isa = PBXFileReference; lastKnownFileType = image.png; path = 210.png; sourceTree = "<group>"; };
		612FA5A11DC5A6C100648D17 /* 211.png */ = {isa = PBXFileReference; lastKnownFileType = image.png; path = 211.png; sourceTree = "<group>"; };
		612FA5A21DC5A6C100648D17 /* 212.png */ = {isa = PBXFileReference; lastKnownFileType = image.png; path = 212.png; sourceTree = "<group>"; };
		612FA5A31DC5A6C100648D17 /* 213.png */ = {isa = PBXFileReference; lastKnownFileType = image.png; path = 213.png; sourceTree = "<group>"; };
		612FA5A41DC5A6C100648D17 /* 300.png */ = {isa = PBXFileReference; lastKnownFileType = image.png; path = 300.png; sourceTree = "<group>"; };
		612FA5A51DC5A6C100648D17 /* 301.png */ = {isa = PBXFileReference; lastKnownFileType = image.png; path = 301.png; sourceTree = "<group>"; };
		612FA5A61DC5A6C100648D17 /* 302.png */ = {isa = PBXFileReference; lastKnownFileType = image.png; path = 302.png; sourceTree = "<group>"; };
		612FA5A71DC5A6C100648D17 /* 303.png */ = {isa = PBXFileReference; lastKnownFileType = image.png; path = 303.png; sourceTree = "<group>"; };
		612FA5A81DC5A6C100648D17 /* 304.png */ = {isa = PBXFileReference; lastKnownFileType = image.png; path = 304.png; sourceTree = "<group>"; };
		612FA5A91DC5A6C100648D17 /* 305.png */ = {isa = PBXFileReference; lastKnownFileType = image.png; path = 305.png; sourceTree = "<group>"; };
		612FA5AA1DC5A6C100648D17 /* 306.png */ = {isa = PBXFileReference; lastKnownFileType = image.png; path = 306.png; sourceTree = "<group>"; };
		612FA5AB1DC5A6C100648D17 /* 307.png */ = {isa = PBXFileReference; lastKnownFileType = image.png; path = 307.png; sourceTree = "<group>"; };
		612FA5AC1DC5A6C100648D17 /* 308.png */ = {isa = PBXFileReference; lastKnownFileType = image.png; path = 308.png; sourceTree = "<group>"; };
		612FA5AD1DC5A6C100648D17 /* 309.png */ = {isa = PBXFileReference; lastKnownFileType = image.png; path = 309.png; sourceTree = "<group>"; };
		612FA5AE1DC5A6C100648D17 /* 310.png */ = {isa = PBXFileReference; lastKnownFileType = image.png; path = 310.png; sourceTree = "<group>"; };
		612FA5AF1DC5A6C100648D17 /* 311.png */ = {isa = PBXFileReference; lastKnownFileType = image.png; path = 311.png; sourceTree = "<group>"; };
		612FA5B01DC5A6C100648D17 /* 312.png */ = {isa = PBXFileReference; lastKnownFileType = image.png; path = 312.png; sourceTree = "<group>"; };
		612FA5B11DC5A6C100648D17 /* 313.png */ = {isa = PBXFileReference; lastKnownFileType = image.png; path = 313.png; sourceTree = "<group>"; };
		612FA5B21DC5A6C100648D17 /* 400.png */ = {isa = PBXFileReference; lastKnownFileType = image.png; path = 400.png; sourceTree = "<group>"; };
		612FA5B31DC5A6C100648D17 /* 401.png */ = {isa = PBXFileReference; lastKnownFileType = image.png; path = 401.png; sourceTree = "<group>"; };
		612FA5B41DC5A6C100648D17 /* 402.png */ = {isa = PBXFileReference; lastKnownFileType = image.png; path = 402.png; sourceTree = "<group>"; };
		612FA5B51DC5A6C100648D17 /* 403.png */ = {isa = PBXFileReference; lastKnownFileType = image.png; path = 403.png; sourceTree = "<group>"; };
		612FA5B61DC5A6C100648D17 /* 404.png */ = {isa = PBXFileReference; lastKnownFileType = image.png; path = 404.png; sourceTree = "<group>"; };
		612FA5B71DC5A6C100648D17 /* 405.png */ = {isa = PBXFileReference; lastKnownFileType = image.png; path = 405.png; sourceTree = "<group>"; };
		612FA5B81DC5A6C100648D17 /* 406.png */ = {isa = PBXFileReference; lastKnownFileType = image.png; path = 406.png; sourceTree = "<group>"; };
		612FA5B91DC5A6C100648D17 /* 407.png */ = {isa = PBXFileReference; lastKnownFileType = image.png; path = 407.png; sourceTree = "<group>"; };
		612FA5BA1DC5A6C100648D17 /* 500.png */ = {isa = PBXFileReference; lastKnownFileType = image.png; path = 500.png; sourceTree = "<group>"; };
		612FA5BB1DC5A6C100648D17 /* 501.png */ = {isa = PBXFileReference; lastKnownFileType = image.png; path = 501.png; sourceTree = "<group>"; };
		612FA5BC1DC5A6C100648D17 /* 502.png */ = {isa = PBXFileReference; lastKnownFileType = image.png; path = 502.png; sourceTree = "<group>"; };
		612FA5BD1DC5A6C100648D17 /* 503.png */ = {isa = PBXFileReference; lastKnownFileType = image.png; path = 503.png; sourceTree = "<group>"; };
		612FA5BE1DC5A6C100648D17 /* 504.png */ = {isa = PBXFileReference; lastKnownFileType = image.png; path = 504.png; sourceTree = "<group>"; };
		612FA5BF1DC5A6C100648D17 /* 506.png */ = {isa = PBXFileReference; lastKnownFileType = image.png; path = 506.png; sourceTree = "<group>"; };
		612FA5C01DC5A6C100648D17 /* 507.png */ = {isa = PBXFileReference; lastKnownFileType = image.png; path = 507.png; sourceTree = "<group>"; };
		612FA5C11DC5A6C100648D17 /* 508.png */ = {isa = PBXFileReference; lastKnownFileType = image.png; path = 508.png; sourceTree = "<group>"; };
		612FA5C21DC5A6C100648D17 /* 900.png */ = {isa = PBXFileReference; lastKnownFileType = image.png; path = 900.png; sourceTree = "<group>"; };
		612FA5C31DC5A6C100648D17 /* 901.png */ = {isa = PBXFileReference; lastKnownFileType = image.png; path = 901.png; sourceTree = "<group>"; };
		612FA5C41DC5A6C100648D17 /* 999.png */ = {isa = PBXFileReference; lastKnownFileType = image.png; path = 999.png; sourceTree = "<group>"; };
		612FA5C51DC5A6C100648D17 /* __weather_icons.json */ = {isa = PBXFileReference; fileEncoding = 4; lastKnownFileType = text.json; path = __weather_icons.json; sourceTree = "<group>"; };
		612FA6021DCB187700648D17 /* ZZCityListViewController.h */ = {isa = PBXFileReference; fileEncoding = 4; lastKnownFileType = sourcecode.c.h; name = ZZCityListViewController.h; path = ../ZZCityListViewController.h; sourceTree = "<group>"; };
		612FA6031DCB187700648D17 /* ZZCityListViewController.m */ = {isa = PBXFileReference; fileEncoding = 4; lastKnownFileType = sourcecode.c.objc; name = ZZCityListViewController.m; path = ../ZZCityListViewController.m; sourceTree = "<group>"; };
		612FA60A1DCB8A3B00648D17 /* icon_wind.png */ = {isa = PBXFileReference; lastKnownFileType = image.png; path = icon_wind.png; sourceTree = "<group>"; };
		612FA60E1DCB8DB000648D17 /* icon_pop.png */ = {isa = PBXFileReference; lastKnownFileType = image.png; path = icon_pop.png; sourceTree = "<group>"; };
		612FA6101DCB903D00648D17 /* icon_humidity.png */ = {isa = PBXFileReference; lastKnownFileType = image.png; path = icon_humidity.png; sourceTree = "<group>"; };
		612FA6121DCBA77D00648D17 /* citylist_allchina.json */ = {isa = PBXFileReference; fileEncoding = 4; lastKnownFileType = text.json; path = citylist_allchina.json; sourceTree = "<group>"; };
		612FA6141DCC76BE00648D17 /* ZZForecastView.xib */ = {isa = PBXFileReference; fileEncoding = 4; lastKnownFileType = file.xib; path = ZZForecastView.xib; sourceTree = "<group>"; };
		612FA6161DCC76EC00648D17 /* ZZForecastView.h */ = {isa = PBXFileReference; fileEncoding = 4; lastKnownFileType = sourcecode.c.h; path = ZZForecastView.h; sourceTree = "<group>"; };
		612FA6171DCC76EC00648D17 /* ZZForecastView.m */ = {isa = PBXFileReference; fileEncoding = 4; lastKnownFileType = sourcecode.c.objc; path = ZZForecastView.m; sourceTree = "<group>"; };
		612FA61B1DCC78AA00648D17 /* ZZCircleView.h */ = {isa = PBXFileReference; fileEncoding = 4; lastKnownFileType = sourcecode.c.h; path = ZZCircleView.h; sourceTree = "<group>"; };
		612FA61C1DCC78AA00648D17 /* ZZCircleView.m */ = {isa = PBXFileReference; fileEncoding = 4; lastKnownFileType = sourcecode.c.objc; path = ZZCircleView.m; sourceTree = "<group>"; };
		612FA6201DCDE0D600648D17 /* icon_humidity_1.png */ = {isa = PBXFileReference; lastKnownFileType = image.png; path = icon_humidity_1.png; sourceTree = "<group>"; };
/* End PBXFileReference section */

/* Begin PBXFrameworksBuildPhase section */
		612FA5641DC3452500648D17 /* Frameworks */ = {
			isa = PBXFrameworksBuildPhase;
			buildActionMask = 2147483647;
			files = (
			);
			runOnlyForDeploymentPostprocessing = 0;
		};
/* End PBXFrameworksBuildPhase section */

/* Begin PBXGroup section */
		612FA55E1DC3452500648D17 = {
			isa = PBXGroup;
			children = (
				612FA5691DC3452500648D17 /* weather_forecast */,
				612FA5681DC3452500648D17 /* Products */,
			);
			sourceTree = "<group>";
		};
		612FA5681DC3452500648D17 /* Products */ = {
			isa = PBXGroup;
			children = (
				612FA5671DC3452500648D17 /* weather_forecast.app */,
			);
			name = Products;
			sourceTree = "<group>";
		};
		612FA5691DC3452500648D17 /* weather_forecast */ = {
			isa = PBXGroup;
			children = (
				612FA6191DCC788F00648D17 /* utilities */,
				612FA5811DC3465900648D17 /* weather */,
				612FA56D1DC3452500648D17 /* AppDelegate.h */,
				612FA56E1DC3452500648D17 /* AppDelegate.m */,
				612FA5701DC3452500648D17 /* ViewController.h */,
				612FA5711DC3452500648D17 /* ViewController.m */,
				612FA5761DC3452500648D17 /* Assets.xcassets */,
				612FA5781DC3452500648D17 /* LaunchScreen.storyboard */,
				612FA57B1DC3452500648D17 /* Info.plist */,
				612FA56A1DC3452500648D17 /* Supporting Files */,
			);
			path = weather_forecast;
			sourceTree = "<group>";
		};
		612FA56A1DC3452500648D17 /* Supporting Files */ = {
			isa = PBXGroup;
			children = (
				612FA56B1DC3452500648D17 /* main.m */,
			);
			name = "Supporting Files";
			sourceTree = "<group>";
		};
		612FA5811DC3465900648D17 /* weather */ = {
			isa = PBXGroup;
			children = (
				612FA6071DCB19E200648D17 /* resources */,
				612FA5881DC36A2200648D17 /* weather_data */,
				612FA5891DC36A3200648D17 /* weather_ui */,
			);
			name = weather;
			sourceTree = "<group>";
		};
		612FA5881DC36A2200648D17 /* weather_data */ = {
			isa = PBXGroup;
			children = (
				612FA5821DC346A500648D17 /* ZZWeatherDataProvider.h */,
				612FA5831DC346A500648D17 /* ZZWeatherDataProvider.m */,
				612FA5851DC35DAB00648D17 /* ZZWeather.h */,
				612FA5861DC35DAB00648D17 /* ZZWeather.m */,
			);
			name = weather_data;
			sourceTree = "<group>";
		};
		612FA5891DC36A3200648D17 /* weather_ui */ = {
			isa = PBXGroup;
			children = (
				612FA58A1DC36A7100648D17 /* ZZWeatherNowView.h */,
				612FA58B1DC36A7100648D17 /* ZZWeatherNowView.m */,
				612FA6021DCB187700648D17 /* ZZCityListViewController.h */,
				612FA6031DCB187700648D17 /* ZZCityListViewController.m */,
				612FA6141DCC76BE00648D17 /* ZZForecastView.xib */,
				612FA6161DCC76EC00648D17 /* ZZForecastView.h */,
				612FA6171DCC76EC00648D17 /* ZZForecastView.m */,
			);
			name = weather_ui;
			sourceTree = "<group>";
		};
		612FA58F1DC5A67B00648D17 /* icons */ = {
			isa = PBXGroup;
			children = (
				612FA60A1DCB8A3B00648D17 /* icon_wind.png */,
				612FA60E1DCB8DB000648D17 /* icon_pop.png */,
				612FA6201DCDE0D600648D17 /* icon_humidity_1.png */,
				612FA6101DCB903D00648D17 /* icon_humidity.png */,
				612FA5901DC5A6C100648D17 /* weather_cond_icons */,
			);
			name = icons;
			sourceTree = "<group>";
		};
		612FA5901DC5A6C100648D17 /* weather_cond_icons */ = {
			isa = PBXGroup;
			children = (
				612FA5911DC5A6C100648D17 /* 100.png */,
				612FA5921DC5A6C100648D17 /* 101.png */,
				612FA5931DC5A6C100648D17 /* 102.png */,
				612FA5941DC5A6C100648D17 /* 103.png */,
				612FA5951DC5A6C100648D17 /* 104.png */,
				612FA5961DC5A6C100648D17 /* 200.png */,
				612FA5971DC5A6C100648D17 /* 201.png */,
				612FA5981DC5A6C100648D17 /* 202.png */,
				612FA5991DC5A6C100648D17 /* 203.png */,
				612FA59A1DC5A6C100648D17 /* 204.png */,
				612FA59B1DC5A6C100648D17 /* 205.png */,
				612FA59C1DC5A6C100648D17 /* 206.png */,
				612FA59D1DC5A6C100648D17 /* 207.png */,
				612FA59E1DC5A6C100648D17 /* 208.png */,
				612FA59F1DC5A6C100648D17 /* 209.png */,
				612FA5A01DC5A6C100648D17 /* 210.png */,
				612FA5A11DC5A6C100648D17 /* 211.png */,
				612FA5A21DC5A6C100648D17 /* 212.png */,
				612FA5A31DC5A6C100648D17 /* 213.png */,
				612FA5A41DC5A6C100648D17 /* 300.png */,
				612FA5A51DC5A6C100648D17 /* 301.png */,
				612FA5A61DC5A6C100648D17 /* 302.png */,
				612FA5A71DC5A6C100648D17 /* 303.png */,
				612FA5A81DC5A6C100648D17 /* 304.png */,
				612FA5A91DC5A6C100648D17 /* 305.png */,
				612FA5AA1DC5A6C100648D17 /* 306.png */,
				612FA5AB1DC5A6C100648D17 /* 307.png */,
				612FA5AC1DC5A6C100648D17 /* 308.png */,
				612FA5AD1DC5A6C100648D17 /* 309.png */,
				612FA5AE1DC5A6C100648D17 /* 310.png */,
				612FA5AF1DC5A6C100648D17 /* 311.png */,
				612FA5B01DC5A6C100648D17 /* 312.png */,
				612FA5B11DC5A6C100648D17 /* 313.png */,
				612FA5B21DC5A6C100648D17 /* 400.png */,
				612FA5B31DC5A6C100648D17 /* 401.png */,
				612FA5B41DC5A6C100648D17 /* 402.png */,
				612FA5B51DC5A6C100648D17 /* 403.png */,
				612FA5B61DC5A6C100648D17 /* 404.png */,
				612FA5B71DC5A6C100648D17 /* 405.png */,
				612FA5B81DC5A6C100648D17 /* 406.png */,
				612FA5B91DC5A6C100648D17 /* 407.png */,
				612FA5BA1DC5A6C100648D17 /* 500.png */,
				612FA5BB1DC5A6C100648D17 /* 501.png */,
				612FA5BC1DC5A6C100648D17 /* 502.png */,
				612FA5BD1DC5A6C100648D17 /* 503.png */,
				612FA5BE1DC5A6C100648D17 /* 504.png */,
				612FA5BF1DC5A6C100648D17 /* 506.png */,
				612FA5C01DC5A6C100648D17 /* 507.png */,
				612FA5C11DC5A6C100648D17 /* 508.png */,
				612FA5C21DC5A6C100648D17 /* 900.png */,
				612FA5C31DC5A6C100648D17 /* 901.png */,
				612FA5C41DC5A6C100648D17 /* 999.png */,
				612FA5C51DC5A6C100648D17 /* __weather_icons.json */,
			);
			path = weather_cond_icons;
			sourceTree = "<group>";
		};
		612FA6071DCB19E200648D17 /* resources */ = {
			isa = PBXGroup;
			children = (
				612FA6121DCBA77D00648D17 /* citylist_allchina.json */,
				612FA58F1DC5A67B00648D17 /* icons */,
			);
			name = resources;
			sourceTree = "<group>";
		};
		612FA6191DCC788F00648D17 /* utilities */ = {
			isa = PBXGroup;
			children = (
				612FA61A1DCC789A00648D17 /* UI */,
			);
			name = utilities;
			sourceTree = "<group>";
		};
		612FA61A1DCC789A00648D17 /* UI */ = {
			isa = PBXGroup;
			children = (
				612FA61B1DCC78AA00648D17 /* ZZCircleView.h */,
				612FA61C1DCC78AA00648D17 /* ZZCircleView.m */,
				612E8F2A1DD0C89200B09663 /* ZZGradientColoredView.h */,
				612E8F2B1DD0C89200B09663 /* ZZGradientColoredView.m */,
			);
			name = UI;
			sourceTree = "<group>";
		};
/* End PBXGroup section */

/* Begin PBXNativeTarget section */
		612FA5661DC3452500648D17 /* weather_forecast */ = {
			isa = PBXNativeTarget;
			buildConfigurationList = 612FA57E1DC3452500648D17 /* Build configuration list for PBXNativeTarget "weather_forecast" */;
			buildPhases = (
				612FA5631DC3452500648D17 /* Sources */,
				612FA5641DC3452500648D17 /* Frameworks */,
				612FA5651DC3452500648D17 /* Resources */,
			);
			buildRules = (
			);
			dependencies = (
			);
			name = weather_forecast;
			productName = weather_forecast;
			productReference = 612FA5671DC3452500648D17 /* weather_forecast.app */;
			productType = "com.apple.product-type.application";
		};
/* End PBXNativeTarget section */

/* Begin PBXProject section */
		612FA55F1DC3452500648D17 /* Project object */ = {
			isa = PBXProject;
			attributes = {
				LastUpgradeCheck = 0730;
				ORGANIZATIONNAME = "Zhao Xiaojian";
				TargetAttributes = {
					612FA5661DC3452500648D17 = {
						CreatedOnToolsVersion = 7.3;
					};
				};
			};
			buildConfigurationList = 612FA5621DC3452500648D17 /* Build configuration list for PBXProject "weather_forecast" */;
			compatibilityVersion = "Xcode 3.2";
			developmentRegion = English;
			hasScannedForEncodings = 0;
			knownRegions = (
				en,
				Base,
			);
			mainGroup = 612FA55E1DC3452500648D17;
			productRefGroup = 612FA5681DC3452500648D17 /* Products */;
			projectDirPath = "";
			projectRoot = "";
			targets = (
				612FA5661DC3452500648D17 /* weather_forecast */,
			);
		};
/* End PBXProject section */

/* Begin PBXResourcesBuildPhase section */
		612FA5651DC3452500648D17 /* Resources */ = {
			isa = PBXResourcesBuildPhase;
			buildActionMask = 2147483647;
			files = (
				612FA5ED1DC5A6C100648D17 /* 406.png in Resources */,
				612FA5DD1DC5A6C100648D17 /* 304.png in Resources */,
				612FA5EA1DC5A6C100648D17 /* 403.png in Resources */,
				612FA60C1DCB8A3B00648D17 /* icon_wind.png in Resources */,
				612FA5C71DC5A6C100648D17 /* 101.png in Resources */,
				612FA5D31DC5A6C100648D17 /* 208.png in Resources */,
				612FA5CC1DC5A6C100648D17 /* 201.png in Resources */,
				612FA5D71DC5A6C100648D17 /* 212.png in Resources */,
				612FA5D41DC5A6C100648D17 /* 209.png in Resources */,
				612FA5E01DC5A6C100648D17 /* 307.png in Resources */,
				612FA57A1DC3452500648D17 /* LaunchScreen.storyboard in Resources */,
				612FA5E71DC5A6C100648D17 /* 400.png in Resources */,
				612FA5E11DC5A6C100648D17 /* 308.png in Resources */,
				612FA5F91DC5A6C100648D17 /* 999.png in Resources */,
				612FA5DF1DC5A6C100648D17 /* 306.png in Resources */,
				612FA5DA1DC5A6C100648D17 /* 301.png in Resources */,
				612FA5E91DC5A6C100648D17 /* 402.png in Resources */,
				612FA5F31DC5A6C100648D17 /* 504.png in Resources */,
				612FA5E41DC5A6C100648D17 /* 311.png in Resources */,
				612FA5D51DC5A6C100648D17 /* 210.png in Resources */,
				612FA5D21DC5A6C100648D17 /* 207.png in Resources */,
				612FA5F61DC5A6C100648D17 /* 508.png in Resources */,
				612FA5F21DC5A6C100648D17 /* 503.png in Resources */,
				612FA5CE1DC5A6C100648D17 /* 203.png in Resources */,
				612FA5F11DC5A6C100648D17 /* 502.png in Resources */,
				612FA5DC1DC5A6C100648D17 /* 303.png in Resources */,
				612FA6151DCC76BE00648D17 /* ZZForecastView.xib in Resources */,
				612FA5D91DC5A6C100648D17 /* 300.png in Resources */,
				612FA5771DC3452500648D17 /* Assets.xcassets in Resources */,
				612FA5E81DC5A6C100648D17 /* 401.png in Resources */,
				612FA5D01DC5A6C100648D17 /* 205.png in Resources */,
				612FA5F51DC5A6C100648D17 /* 507.png in Resources */,
				612FA5D11DC5A6C100648D17 /* 206.png in Resources */,
				612FA5CB1DC5A6C100648D17 /* 200.png in Resources */,
				612FA5EB1DC5A6C100648D17 /* 404.png in Resources */,
				612FA5E61DC5A6C100648D17 /* 313.png in Resources */,
				612FA5C81DC5A6C100648D17 /* 102.png in Resources */,
				612FA6211DCDE0D600648D17 /* icon_humidity_1.png in Resources */,
				612FA5EE1DC5A6C100648D17 /* 407.png in Resources */,
				612FA5EF1DC5A6C100648D17 /* 500.png in Resources */,
				612FA5F81DC5A6C100648D17 /* 901.png in Resources */,
				612FA5F71DC5A6C100648D17 /* 900.png in Resources */,
				612FA5DB1DC5A6C100648D17 /* 302.png in Resources */,
				612FA5E21DC5A6C100648D17 /* 309.png in Resources */,
				612FA5C91DC5A6C100648D17 /* 103.png in Resources */,
				612FA5E31DC5A6C100648D17 /* 310.png in Resources */,
				612FA5D61DC5A6C100648D17 /* 211.png in Resources */,
				612FA5CF1DC5A6C100648D17 /* 204.png in Resources */,
				612FA5DE1DC5A6C100648D17 /* 305.png in Resources */,
				612FA5F01DC5A6C100648D17 /* 501.png in Resources */,
				612FA5C61DC5A6C100648D17 /* 100.png in Resources */,
				612FA5CA1DC5A6C100648D17 /* 104.png in Resources */,
				612FA5D81DC5A6C100648D17 /* 213.png in Resources */,
				612FA6111DCB903D00648D17 /* icon_humidity.png in Resources */,
				612FA60F1DCB8DB000648D17 /* icon_pop.png in Resources */,
				612FA6131DCBA77D00648D17 /* citylist_allchina.json in Resources */,
				612FA5EC1DC5A6C100648D17 /* 405.png in Resources */,
				612FA5CD1DC5A6C100648D17 /* 202.png in Resources */,
				612FA5FA1DC5A6C100648D17 /* __weather_icons.json in Resources */,
				612FA5E51DC5A6C100648D17 /* 312.png in Resources */,
				612FA5F41DC5A6C100648D17 /* 506.png in Resources */,
			);
			runOnlyForDeploymentPostprocessing = 0;
		};
/* End PBXResourcesBuildPhase section */

/* Begin PBXSourcesBuildPhase section */
		612FA5631DC3452500648D17 /* Sources */ = {
			isa = PBXSourcesBuildPhase;
			buildActionMask = 2147483647;
			files = (
				612FA5871DC35DAB00648D17 /* ZZWeather.m in Sources */,
				612FA5841DC346A500648D17 /* ZZWeatherDataProvider.m in Sources */,
				612FA61D1DCC78AA00648D17 /* ZZCircleView.m in Sources */,
				612FA6181DCC76EC00648D17 /* ZZForecastView.m in Sources */,
				612FA58C1DC36A7100648D17 /* ZZWeatherNowView.m in Sources */,
				612FA5721DC3452500648D17 /* ViewController.m in Sources */,
				612FA6041DCB187700648D17 /* ZZCityListViewController.m in Sources */,
				612E8F2C1DD0C89200B09663 /* ZZGradientColoredView.m in Sources */,
				612FA56F1DC3452500648D17 /* AppDelegate.m in Sources */,
				612FA56C1DC3452500648D17 /* main.m in Sources */,
			);
			runOnlyForDeploymentPostprocessing = 0;
		};
/* End PBXSourcesBuildPhase section */

/* Begin PBXVariantGroup section */
		612FA5781DC3452500648D17 /* LaunchScreen.storyboard */ = {
			isa = PBXVariantGroup;
			children = (
				612FA5791DC3452500648D17 /* Base */,
			);
			name = LaunchScreen.storyboard;
			sourceTree = "<group>";
		};
/* End PBXVariantGroup section */

/* Begin XCBuildConfiguration section */
		612FA57C1DC3452500648D17 /* Debug */ = {
			isa = XCBuildConfiguration;
			buildSettings = {
				ALWAYS_SEARCH_USER_PATHS = NO;
				CLANG_ANALYZER_NONNULL = YES;
				CLANG_CXX_LANGUAGE_STANDARD = "gnu++0x";
				CLANG_CXX_LIBRARY = "libc++";
				CLANG_ENABLE_MODULES = YES;
				CLANG_ENABLE_OBJC_ARC = YES;
				CLANG_WARN_BOOL_CONVERSION = YES;
				CLANG_WARN_CONSTANT_CONVERSION = YES;
				CLANG_WARN_DIRECT_OBJC_ISA_USAGE = YES_ERROR;
				CLANG_WARN_EMPTY_BODY = YES;
				CLANG_WARN_ENUM_CONVERSION = YES;
				CLANG_WARN_INT_CONVERSION = YES;
				CLANG_WARN_OBJC_ROOT_CLASS = YES_ERROR;
				CLANG_WARN_UNREACHABLE_CODE = YES;
				CLANG_WARN__DUPLICATE_METHOD_MATCH = YES;
				"CODE_SIGN_IDENTITY[sdk=iphoneos*]" = "iPhone Developer";
				COPY_PHASE_STRIP = NO;
				DEBUG_INFORMATION_FORMAT = dwarf;
				ENABLE_STRICT_OBJC_MSGSEND = YES;
				ENABLE_TESTABILITY = YES;
				GCC_C_LANGUAGE_STANDARD = gnu99;
				GCC_DYNAMIC_NO_PIC = NO;
				GCC_NO_COMMON_BLOCKS = YES;
				GCC_OPTIMIZATION_LEVEL = 0;
				GCC_PREPROCESSOR_DEFINITIONS = (
					"DEBUG=1",
					"$(inherited)",
				);
				GCC_WARN_64_TO_32_BIT_CONVERSION = YES;
				GCC_WARN_ABOUT_RETURN_TYPE = YES_ERROR;
				GCC_WARN_UNDECLARED_SELECTOR = YES;
				GCC_WARN_UNINITIALIZED_AUTOS = YES_AGGRESSIVE;
				GCC_WARN_UNUSED_FUNCTION = YES;
				GCC_WARN_UNUSED_VARIABLE = YES;
				IPHONEOS_DEPLOYMENT_TARGET = 7.0;
				MTL_ENABLE_DEBUG_INFO = YES;
				ONLY_ACTIVE_ARCH = YES;
				SDKROOT = iphoneos;
				TARGETED_DEVICE_FAMILY = "1,2";
			};
			name = Debug;
		};
		612FA57D1DC3452500648D17 /* Release */ = {
			isa = XCBuildConfiguration;
			buildSettings = {
				ALWAYS_SEARCH_USER_PATHS = NO;
				CLANG_ANALYZER_NONNULL = YES;
				CLANG_CXX_LANGUAGE_STANDARD = "gnu++0x";
				CLANG_CXX_LIBRARY = "libc++";
				CLANG_ENABLE_MODULES = YES;
				CLANG_ENABLE_OBJC_ARC = YES;
				CLANG_WARN_BOOL_CONVERSION = YES;
				CLANG_WARN_CONSTANT_CONVERSION = YES;
				CLANG_WARN_DIRECT_OBJC_ISA_USAGE = YES_ERROR;
				CLANG_WARN_EMPTY_BODY = YES;
				CLANG_WARN_ENUM_CONVERSION = YES;
				CLANG_WARN_INT_CONVERSION = YES;
				CLANG_WARN_OBJC_ROOT_CLASS = YES_ERROR;
				CLANG_WARN_UNREACHABLE_CODE = YES;
				CLANG_WARN__DUPLICATE_METHOD_MATCH = YES;
				"CODE_SIGN_IDENTITY[sdk=iphoneos*]" = "iPhone Developer";
				COPY_PHASE_STRIP = NO;
				DEBUG_INFORMATION_FORMAT = "dwarf-with-dsym";
				ENABLE_NS_ASSERTIONS = NO;
				ENABLE_STRICT_OBJC_MSGSEND = YES;
				GCC_C_LANGUAGE_STANDARD = gnu99;
				GCC_NO_COMMON_BLOCKS = YES;
				GCC_WARN_64_TO_32_BIT_CONVERSION = YES;
				GCC_WARN_ABOUT_RETURN_TYPE = YES_ERROR;
				GCC_WARN_UNDECLARED_SELECTOR = YES;
				GCC_WARN_UNINITIALIZED_AUTOS = YES_AGGRESSIVE;
				GCC_WARN_UNUSED_FUNCTION = YES;
				GCC_WARN_UNUSED_VARIABLE = YES;
				IPHONEOS_DEPLOYMENT_TARGET = 7.0;
				MTL_ENABLE_DEBUG_INFO = NO;
				SDKROOT = iphoneos;
				TARGETED_DEVICE_FAMILY = "1,2";
				VALIDATE_PRODUCT = YES;
			};
			name = Release;
		};
		612FA57F1DC3452500648D17 /* Debug */ = {
			isa = XCBuildConfiguration;
			buildSettings = {
				ASSETCATALOG_COMPILER_APPICON_NAME = AppIcon;
				INFOPLIST_FILE = weather_forecast/Info.plist;
				LD_RUNPATH_SEARCH_PATHS = "$(inherited) @executable_path/Frameworks";
				PRODUCT_BUNDLE_IDENTIFIER = "com.xillysoft.weather-forecast";
				PRODUCT_NAME = "$(TARGET_NAME)";
			};
			name = Debug;
		};
		612FA5801DC3452500648D17 /* Release */ = {
			isa = XCBuildConfiguration;
			buildSettings = {
				ASSETCATALOG_COMPILER_APPICON_NAME = AppIcon;
				INFOPLIST_FILE = weather_forecast/Info.plist;
				LD_RUNPATH_SEARCH_PATHS = "$(inherited) @executable_path/Frameworks";
				PRODUCT_BUNDLE_IDENTIFIER = "com.xillysoft.weather-forecast";
				PRODUCT_NAME = "$(TARGET_NAME)";
			};
			name = Release;
		};
/* End XCBuildConfiguration section */

/* Begin XCConfigurationList section */
		612FA5621DC3452500648D17 /* Build configuration list for PBXProject "weather_forecast" */ = {
			isa = XCConfigurationList;
			buildConfigurations = (
				612FA57C1DC3452500648D17 /* Debug */,
				612FA57D1DC3452500648D17 /* Release */,
			);
			defaultConfigurationIsVisible = 0;
			defaultConfigurationName = Release;
		};
		612FA57E1DC3452500648D17 /* Build configuration list for PBXNativeTarget "weather_forecast" */ = {
			isa = XCConfigurationList;
			buildConfigurations = (
				612FA57F1DC3452500648D17 /* Debug */,
				612FA5801DC3452500648D17 /* Release */,
			);
			defaultConfigurationIsVisible = 0;
			defaultConfigurationName = Release;
		};
/* End XCConfigurationList section */
	};
	rootObject = 612FA55F1DC3452500648D17 /* Project object */;
}
